
Microsoft Visual Studio Solution File, Format Version 12.00
# Visual Studio Version 17
VisualStudioVersion = 17.13.35507.96 d17.13
MinimumVisualStudioVersion = 10.0.40219.1
Project("{FAE04EC0-301F-11D3-BF4B-00C04F79EFBC}") = "DotNetUpgrade", "DotNetUpgrade\DotNetUpgrade.csproj", "{03A18A6D-CC60-44AF-B4ED-7444C3ACA064}"
EndProject
Global
	GlobalSection(SolutionConfigurationPlatforms) = preSolution
		Debug|Any CPU = Debug|Any CPU
		Release|Any CPU = Release|Any CPU
	EndGlobalSection
	GlobalSection(ProjectConfigurationPlatforms) = postSolution
		{03A18A6D-CC60-44AF-B4ED-7444C3ACA064}.Debug|Any CPU.ActiveCfg = Debug|Any CPU
		{03A18A6D-CC60-44AF-B4ED-7444C3ACA064}.Debug|Any CPU.Build.0 = Debug|Any CPU
		{03A18A6D-CC60-44AF-B4ED-7444C3ACA064}.Release|Any CPU.ActiveCfg = Release|Any CPU
		{03A18A6D-CC60-44AF-B4ED-7444C3ACA064}.Release|Any CPU.Build.0 = Release|Any CPU
	EndGlobalSection
	GlobalSection(SolutionProperties) = preSolution
		HideSolutionNode = FALSE
	EndGlobalSection
	GlobalSection(ExtensibilityGlobals) = postSolution
		SolutionGuid = {37C61893-0969-4326-BD54-9A913E4B1873}
	EndGlobalSection
EndGlobal
